// !$*UTF8*$!
{
	archiveVersion = 1;
	classes = {
	};
	objectVersion = 46;
	objects = {

/* Begin PBXBuildFile section */
		A63831A31461A09500908537 /* TBZPageSpreadView.m in Sources */ = {isa = PBXBuildFile; fileRef = A63831A21461A09500908537 /* TBZPageSpreadView.m */; };
		A63831A81461C78000908537 /* pageIcon-Highlighted.png in Resources */ = {isa = PBXBuildFile; fileRef = A63831A51461C78000908537 /* pageIcon-Highlighted.png */; };
		A63831A91461C78000908537 /* pageIcon-Normal.png in Resources */ = {isa = PBXBuildFile; fileRef = A63831A61461C78000908537 /* pageIcon-Normal.png */; };
		A63831AA1461C78000908537 /* pageIcon-Viewer.png in Resources */ = {isa = PBXBuildFile; fileRef = A63831A71461C78000908537 /* pageIcon-Viewer.png */; };
		A663B9851475F9CE00E2D5E0 /* slideImagesNotes in Resources */ = {isa = PBXBuildFile; fileRef = A663B9841475F9CE00E2D5E0 /* slideImagesNotes */; };
		A682320B146C181000DCBEA7 /* Default-Landscape~ipad.png in Resources */ = {isa = PBXBuildFile; fileRef = A682320A146C181000DCBEA7 /* Default-Landscape~ipad.png */; };
		A682320E146C182300DCBEA7 /* Default-Portrait~ipad.png in Resources */ = {isa = PBXBuildFile; fileRef = A682320D146C182300DCBEA7 /* Default-Portrait~ipad.png */; };
		A6823210146C18A300DCBEA7 /* mat-72px.png in Resources */ = {isa = PBXBuildFile; fileRef = A682320F146C18A300DCBEA7 /* mat-72px.png */; };
		A6977BF5144F470500907B69 /* UIKit.framework in Frameworks */ = {isa = PBXBuildFile; fileRef = A6977BF4144F470500907B69 /* UIKit.framework */; };
		A6977BF7144F470500907B69 /* Foundation.framework in Frameworks */ = {isa = PBXBuildFile; fileRef = A6977BF6144F470500907B69 /* Foundation.framework */; };
		A6977BF9144F470500907B69 /* CoreGraphics.framework in Frameworks */ = {isa = PBXBuildFile; fileRef = A6977BF8144F470500907B69 /* CoreGraphics.framework */; };
		A6977BFF144F470500907B69 /* InfoPlist.strings in Resources */ = {isa = PBXBuildFile; fileRef = A6977BFD144F470500907B69 /* InfoPlist.strings */; };
		A6977C01144F470500907B69 /* main.m in Sources */ = {isa = PBXBuildFile; fileRef = A6977C00144F470500907B69 /* main.m */; };
		A6977C05144F470500907B69 /* TBZAppDelegate.m in Sources */ = {isa = PBXBuildFile; fileRef = A6977C04144F470500907B69 /* TBZAppDelegate.m */; };
		A6977C08144F470500907B69 /* TBZRootViewController.m in Sources */ = {isa = PBXBuildFile; fileRef = A6977C07144F470500907B69 /* TBZRootViewController.m */; };
		A6977C0B144F470500907B69 /* TBZDataViewController.m in Sources */ = {isa = PBXBuildFile; fileRef = A6977C0A144F470500907B69 /* TBZDataViewController.m */; };
		A6977C0E144F470500907B69 /* TBZModelController.m in Sources */ = {isa = PBXBuildFile; fileRef = A6977C0D144F470500907B69 /* TBZModelController.m */; };
		A6977C11144F470500907B69 /* MainStoryboard.storyboard in Resources */ = {isa = PBXBuildFile; fileRef = A6977C0F144F470500907B69 /* MainStoryboard.storyboard */; };
		A6977C18144F617E00907B69 /* slideImages in Resources */ = {isa = PBXBuildFile; fileRef = A6977C17144F617E00907B69 /* slideImages */; };
		A6A6EF08146A8BFE00FD2DF4 /* GCDAsyncSocket.m in Sources */ = {isa = PBXBuildFile; fileRef = A6A6EF07146A8BFE00FD2DF4 /* GCDAsyncSocket.m */; settings = {COMPILER_FLAGS = "-fno-objc-arc"; }; };
		A6A6EF13146A8EDC00FD2DF4 /* DDAbstractDatabaseLogger.m in Sources */ = {isa = PBXBuildFile; fileRef = A6A6EF0A146A8EDC00FD2DF4 /* DDAbstractDatabaseLogger.m */; settings = {COMPILER_FLAGS = "-fno-objc-arc"; }; };
		A6A6EF14146A8EDC00FD2DF4 /* DDASLLogger.m in Sources */ = {isa = PBXBuildFile; fileRef = A6A6EF0C146A8EDC00FD2DF4 /* DDASLLogger.m */; settings = {COMPILER_FLAGS = "-fno-objc-arc"; }; };
		A6A6EF15146A8EDC00FD2DF4 /* DDFileLogger.m in Sources */ = {isa = PBXBuildFile; fileRef = A6A6EF0E146A8EDC00FD2DF4 /* DDFileLogger.m */; settings = {COMPILER_FLAGS = "-fno-objc-arc"; }; };
		A6A6EF16146A8EDC00FD2DF4 /* DDLog.m in Sources */ = {isa = PBXBuildFile; fileRef = A6A6EF10146A8EDC00FD2DF4 /* DDLog.m */; settings = {COMPILER_FLAGS = "-fno-objc-arc"; }; };
		A6A6EF17146A8EDC00FD2DF4 /* DDTTYLogger.m in Sources */ = {isa = PBXBuildFile; fileRef = A6A6EF12146A8EDC00FD2DF4 /* DDTTYLogger.m */; settings = {COMPILER_FLAGS = "-fno-objc-arc"; }; };
		A6A6EF1E146A93C200FD2DF4 /* CFNetwork.framework in Frameworks */ = {isa = PBXBuildFile; fileRef = A6A6EF1D146A93C200FD2DF4 /* CFNetwork.framework */; };
/* End PBXBuildFile section */

/* Begin PBXFileReference section */
		A63831A11461A09500908537 /* TBZPageSpreadView.h */ = {isa = PBXFileReference; fileEncoding = 4; lastKnownFileType = sourcecode.c.h; path = TBZPageSpreadView.h; sourceTree = "<group>"; };
		A63831A21461A09500908537 /* TBZPageSpreadView.m */ = {isa = PBXFileReference; fileEncoding = 4; lastKnownFileType = sourcecode.c.objc; path = TBZPageSpreadView.m; sourceTree = "<group>"; };
		A63831A51461C78000908537 /* pageIcon-Highlighted.png */ = {isa = PBXFileReference; lastKnownFileType = image.png; path = "pageIcon-Highlighted.png"; sourceTree = "<group>"; };
		A63831A61461C78000908537 /* pageIcon-Normal.png */ = {isa = PBXFileReference; lastKnownFileType = image.png; path = "pageIcon-Normal.png"; sourceTree = "<group>"; };
		A63831A71461C78000908537 /* pageIcon-Viewer.png */ = {isa = PBXFileReference; lastKnownFileType = image.png; path = "pageIcon-Viewer.png"; sourceTree = "<group>"; };
		A663B9841475F9CE00E2D5E0 /* slideImagesNotes */ = {isa = PBXFileReference; lastKnownFileType = folder; path = slideImagesNotes; sourceTree = "<group>"; };
		A682320A146C181000DCBEA7 /* Default-Landscape~ipad.png */ = {isa = PBXFileReference; lastKnownFileType = image.png; name = "Default-Landscape~ipad.png"; path = "../Default-Landscape~ipad.png"; sourceTree = "<group>"; };
		A682320D146C182300DCBEA7 /* Default-Portrait~ipad.png */ = {isa = PBXFileReference; lastKnownFileType = image.png; name = "Default-Portrait~ipad.png"; path = "../Default-Portrait~ipad.png"; sourceTree = "<group>"; };
		A682320F146C18A300DCBEA7 /* mat-72px.png */ = {isa = PBXFileReference; lastKnownFileType = image.png; name = "mat-72px.png"; path = "../mat-72px.png"; sourceTree = "<group>"; };
		A6977BF0144F470500907B69 /* On the same page.app */ = {isa = PBXFileReference; explicitFileType = wrapper.application; includeInIndex = 0; path = "On the same page.app"; sourceTree = BUILT_PRODUCTS_DIR; };
		A6977BF4144F470500907B69 /* UIKit.framework */ = {isa = PBXFileReference; lastKnownFileType = wrapper.framework; name = UIKit.framework; path = System/Library/Frameworks/UIKit.framework; sourceTree = SDKROOT; };
		A6977BF6144F470500907B69 /* Foundation.framework */ = {isa = PBXFileReference; lastKnownFileType = wrapper.framework; name = Foundation.framework; path = System/Library/Frameworks/Foundation.framework; sourceTree = SDKROOT; };
		A6977BF8144F470500907B69 /* CoreGraphics.framework */ = {isa = PBXFileReference; lastKnownFileType = wrapper.framework; name = CoreGraphics.framework; path = System/Library/Frameworks/CoreGraphics.framework; sourceTree = SDKROOT; };
		A6977BFC144F470500907B69 /* On the same page-Info.plist */ = {isa = PBXFileReference; lastKnownFileType = text.plist.xml; path = "On the same page-Info.plist"; sourceTree = "<group>"; };
		A6977BFE144F470500907B69 /* en */ = {isa = PBXFileReference; lastKnownFileType = text.plist.strings; name = en; path = en.lproj/InfoPlist.strings; sourceTree = "<group>"; };
		A6977C00144F470500907B69 /* main.m */ = {isa = PBXFileReference; lastKnownFileType = sourcecode.c.objc; path = main.m; sourceTree = "<group>"; };
		A6977C02144F470500907B69 /* On the same page-Prefix.pch */ = {isa = PBXFileReference; lastKnownFileType = sourcecode.c.h; path = "On the same page-Prefix.pch"; sourceTree = "<group>"; };
		A6977C03144F470500907B69 /* TBZAppDelegate.h */ = {isa = PBXFileReference; lastKnownFileType = sourcecode.c.h; path = TBZAppDelegate.h; sourceTree = "<group>"; };
		A6977C04144F470500907B69 /* TBZAppDelegate.m */ = {isa = PBXFileReference; lastKnownFileType = sourcecode.c.objc; path = TBZAppDelegate.m; sourceTree = "<group>"; };
		A6977C06144F470500907B69 /* TBZRootViewController.h */ = {isa = PBXFileReference; lastKnownFileType = sourcecode.c.h; path = TBZRootViewController.h; sourceTree = "<group>"; };
		A6977C07144F470500907B69 /* TBZRootViewController.m */ = {isa = PBXFileReference; lastKnownFileType = sourcecode.c.objc; path = TBZRootViewController.m; sourceTree = "<group>"; };
		A6977C09144F470500907B69 /* TBZDataViewController.h */ = {isa = PBXFileReference; lastKnownFileType = sourcecode.c.h; path = TBZDataViewController.h; sourceTree = "<group>"; };
		A6977C0A144F470500907B69 /* TBZDataViewController.m */ = {isa = PBXFileReference; lastKnownFileType = sourcecode.c.objc; path = TBZDataViewController.m; sourceTree = "<group>"; };
		A6977C0C144F470500907B69 /* TBZModelController.h */ = {isa = PBXFileReference; lastKnownFileType = sourcecode.c.h; path = TBZModelController.h; sourceTree = "<group>"; };
		A6977C0D144F470500907B69 /* TBZModelController.m */ = {isa = PBXFileReference; lastKnownFileType = sourcecode.c.objc; path = TBZModelController.m; sourceTree = "<group>"; };
		A6977C10144F470500907B69 /* en */ = {isa = PBXFileReference; lastKnownFileType = file.storyboard; name = en; path = en.lproj/MainStoryboard.storyboard; sourceTree = "<group>"; };
		A6977C17144F617E00907B69 /* slideImages */ = {isa = PBXFileReference; lastKnownFileType = folder; path = slideImages; sourceTree = "<group>"; };
		A6A6EF06146A8BFE00FD2DF4 /* GCDAsyncSocket.h */ = {isa = PBXFileReference; fileEncoding = 4; lastKnownFileType = sourcecode.c.h; path = GCDAsyncSocket.h; sourceTree = "<group>"; };
		A6A6EF07146A8BFE00FD2DF4 /* GCDAsyncSocket.m */ = {isa = PBXFileReference; fileEncoding = 4; lastKnownFileType = sourcecode.c.objc; path = GCDAsyncSocket.m; sourceTree = "<group>"; };
		A6A6EF09146A8EDC00FD2DF4 /* DDAbstractDatabaseLogger.h */ = {isa = PBXFileReference; fileEncoding = 4; lastKnownFileType = sourcecode.c.h; path = DDAbstractDatabaseLogger.h; sourceTree = "<group>"; };
		A6A6EF0A146A8EDC00FD2DF4 /* DDAbstractDatabaseLogger.m */ = {isa = PBXFileReference; fileEncoding = 4; lastKnownFileType = sourcecode.c.objc; path = DDAbstractDatabaseLogger.m; sourceTree = "<group>"; };
		A6A6EF0B146A8EDC00FD2DF4 /* DDASLLogger.h */ = {isa = PBXFileReference; fileEncoding = 4; lastKnownFileType = sourcecode.c.h; path = DDASLLogger.h; sourceTree = "<group>"; };
		A6A6EF0C146A8EDC00FD2DF4 /* DDASLLogger.m */ = {isa = PBXFileReference; fileEncoding = 4; lastKnownFileType = sourcecode.c.objc; path = DDASLLogger.m; sourceTree = "<group>"; };
		A6A6EF0D146A8EDC00FD2DF4 /* DDFileLogger.h */ = {isa = PBXFileReference; fileEncoding = 4; lastKnownFileType = sourcecode.c.h; path = DDFileLogger.h; sourceTree = "<group>"; };
		A6A6EF0E146A8EDC00FD2DF4 /* DDFileLogger.m */ = {isa = PBXFileReference; fileEncoding = 4; lastKnownFileType = sourcecode.c.objc; path = DDFileLogger.m; sourceTree = "<group>"; };
		A6A6EF0F146A8EDC00FD2DF4 /* DDLog.h */ = {isa = PBXFileReference; fileEncoding = 4; lastKnownFileType = sourcecode.c.h; path = DDLog.h; sourceTree = "<group>"; };
		A6A6EF10146A8EDC00FD2DF4 /* DDLog.m */ = {isa = PBXFileReference; fileEncoding = 4; lastKnownFileType = sourcecode.c.objc; path = DDLog.m; sourceTree = "<group>"; };
		A6A6EF11146A8EDC00FD2DF4 /* DDTTYLogger.h */ = {isa = PBXFileReference; fileEncoding = 4; lastKnownFileType = sourcecode.c.h; path = DDTTYLogger.h; sourceTree = "<group>"; };
		A6A6EF12146A8EDC00FD2DF4 /* DDTTYLogger.m */ = {isa = PBXFileReference; fileEncoding = 4; lastKnownFileType = sourcecode.c.objc; path = DDTTYLogger.m; sourceTree = "<group>"; };
		A6A6EF1D146A93C200FD2DF4 /* CFNetwork.framework */ = {isa = PBXFileReference; lastKnownFileType = wrapper.framework; name = CFNetwork.framework; path = System/Library/Frameworks/CFNetwork.framework; sourceTree = SDKROOT; };
/* End PBXFileReference section */

/* Begin PBXFrameworksBuildPhase section */
		A6977BED144F470500907B69 /* Frameworks */ = {
			isa = PBXFrameworksBuildPhase;
			buildActionMask = 2147483647;
			files = (
				A6A6EF1E146A93C200FD2DF4 /* CFNetwork.framework in Frameworks */,
				A6977BF5144F470500907B69 /* UIKit.framework in Frameworks */,
				A6977BF7144F470500907B69 /* Foundation.framework in Frameworks */,
				A6977BF9144F470500907B69 /* CoreGraphics.framework in Frameworks */,
			);
			runOnlyForDeploymentPostprocessing = 0;
		};
/* End PBXFrameworksBuildPhase section */

/* Begin PBXGroup section */
		A62F32261460478E00E3378B /* Support */ = {
			isa = PBXGroup;
			children = (
				A6A6EF06146A8BFE00FD2DF4 /* GCDAsyncSocket.h */,
				A6A6EF07146A8BFE00FD2DF4 /* GCDAsyncSocket.m */,
				A6A6EF18146A8EE300FD2DF4 /* Logging */,
			);
			name = Support;
			sourceTree = "<group>";
		};
		A6977BE5144F470400907B69 = {
			isa = PBXGroup;
			children = (
				A6977BFA144F470500907B69 /* On the same page */,
				A6977BF3144F470500907B69 /* Frameworks */,
				A6977BF1144F470500907B69 /* Products */,
			);
			sourceTree = "<group>";
		};
		A6977BF1144F470500907B69 /* Products */ = {
			isa = PBXGroup;
			children = (
				A6977BF0144F470500907B69 /* On the same page.app */,
			);
			name = Products;
			sourceTree = "<group>";
		};
		A6977BF3144F470500907B69 /* Frameworks */ = {
			isa = PBXGroup;
			children = (
				A6977BF4144F470500907B69 /* UIKit.framework */,
				A6977BF6144F470500907B69 /* Foundation.framework */,
				A6977BF8144F470500907B69 /* CoreGraphics.framework */,
				A6A6EF1D146A93C200FD2DF4 /* CFNetwork.framework */,
			);
			name = Frameworks;
			sourceTree = "<group>";
		};
		A6977BFA144F470500907B69 /* On the same page */ = {
			isa = PBXGroup;
			children = (
				A6977C03144F470500907B69 /* TBZAppDelegate.h */,
				A6977C04144F470500907B69 /* TBZAppDelegate.m */,
				A6977C06144F470500907B69 /* TBZRootViewController.h */,
				A6977C07144F470500907B69 /* TBZRootViewController.m */,
				A6977C09144F470500907B69 /* TBZDataViewController.h */,
				A6977C0A144F470500907B69 /* TBZDataViewController.m */,
				A6977C0C144F470500907B69 /* TBZModelController.h */,
				A6977C0D144F470500907B69 /* TBZModelController.m */,
				A63831A11461A09500908537 /* TBZPageSpreadView.h */,
				A63831A21461A09500908537 /* TBZPageSpreadView.m */,
				A6977C0F144F470500907B69 /* MainStoryboard.storyboard */,
				A62F32261460478E00E3378B /* Support */,
				A6977BFB144F470500907B69 /* Supporting Files */,
			);
			path = "On the same page";
			sourceTree = "<group>";
		};
		A6977BFB144F470500907B69 /* Supporting Files */ = {
			isa = PBXGroup;
			children = (
				A6977C17144F617E00907B69 /* slideImages */,
				A663B9841475F9CE00E2D5E0 /* slideImagesNotes */,
				A6977BFC144F470500907B69 /* On the same page-Info.plist */,
				A6977BFD144F470500907B69 /* InfoPlist.strings */,
				A6977C00144F470500907B69 /* main.m */,
				A6977C02144F470500907B69 /* On the same page-Prefix.pch */,
				A63831A51461C78000908537 /* pageIcon-Highlighted.png */,
				A63831A61461C78000908537 /* pageIcon-Normal.png */,
				A63831A71461C78000908537 /* pageIcon-Viewer.png */,
				A682320F146C18A300DCBEA7 /* mat-72px.png */,
				A682320D146C182300DCBEA7 /* Default-Portrait~ipad.png */,
				A682320A146C181000DCBEA7 /* Default-Landscape~ipad.png */,
			);
			name = "Supporting Files";
			sourceTree = "<group>";
		};
		A6A6EF18146A8EE300FD2DF4 /* Logging */ = {
			isa = PBXGroup;
			children = (
				A6A6EF09146A8EDC00FD2DF4 /* DDAbstractDatabaseLogger.h */,
				A6A6EF0A146A8EDC00FD2DF4 /* DDAbstractDatabaseLogger.m */,
				A6A6EF0B146A8EDC00FD2DF4 /* DDASLLogger.h */,
				A6A6EF0C146A8EDC00FD2DF4 /* DDASLLogger.m */,
				A6A6EF0D146A8EDC00FD2DF4 /* DDFileLogger.h */,
				A6A6EF0E146A8EDC00FD2DF4 /* DDFileLogger.m */,
				A6A6EF0F146A8EDC00FD2DF4 /* DDLog.h */,
				A6A6EF10146A8EDC00FD2DF4 /* DDLog.m */,
				A6A6EF11146A8EDC00FD2DF4 /* DDTTYLogger.h */,
				A6A6EF12146A8EDC00FD2DF4 /* DDTTYLogger.m */,
			);
			name = Logging;
			sourceTree = "<group>";
		};
/* End PBXGroup section */

/* Begin PBXNativeTarget section */
		A6977BEF144F470500907B69 /* On the same page */ = {
			isa = PBXNativeTarget;
			buildConfigurationList = A6977C14144F470600907B69 /* Build configuration list for PBXNativeTarget "On the same page" */;
			buildPhases = (
				A6977BEC144F470500907B69 /* Sources */,
				A6977BED144F470500907B69 /* Frameworks */,
				A6977BEE144F470500907B69 /* Resources */,
			);
			buildRules = (
			);
			dependencies = (
			);
			name = "On the same page";
			productName = "On the same page";
			productReference = A6977BF0144F470500907B69 /* On the same page.app */;
			productType = "com.apple.product-type.application";
		};
/* End PBXNativeTarget section */

/* Begin PBXProject section */
		A6977BE7144F470500907B69 /* Project object */ = {
			isa = PBXProject;
			attributes = {
				LastUpgradeCheck = 0420;
			};
			buildConfigurationList = A6977BEA144F470500907B69 /* Build configuration list for PBXProject "On the same page" */;
			compatibilityVersion = "Xcode 3.2";
			developmentRegion = English;
			hasScannedForEncodings = 0;
			knownRegions = (
				en,
			);
			mainGroup = A6977BE5144F470400907B69;
			productRefGroup = A6977BF1144F470500907B69 /* Products */;
			projectDirPath = "";
			projectRoot = "";
			targets = (
				A6977BEF144F470500907B69 /* On the same page */,
			);
		};
/* End PBXProject section */

/* Begin PBXResourcesBuildPhase section */
		A6977BEE144F470500907B69 /* Resources */ = {
			isa = PBXResourcesBuildPhase;
			buildActionMask = 2147483647;
			files = (
				A6977BFF144F470500907B69 /* InfoPlist.strings in Resources */,
				A6977C11144F470500907B69 /* MainStoryboard.storyboard in Resources */,
				A6977C18144F617E00907B69 /* slideImages in Resources */,
				A63831A81461C78000908537 /* pageIcon-Highlighted.png in Resources */,
				A63831A91461C78000908537 /* pageIcon-Normal.png in Resources */,
				A63831AA1461C78000908537 /* pageIcon-Viewer.png in Resources */,
				A682320B146C181000DCBEA7 /* Default-Landscape~ipad.png in Resources */,
				A682320E146C182300DCBEA7 /* Default-Portrait~ipad.png in Resources */,
				A6823210146C18A300DCBEA7 /* mat-72px.png in Resources */,
				A663B9851475F9CE00E2D5E0 /* slideImagesNotes in Resources */,
			);
			runOnlyForDeploymentPostprocessing = 0;
		};
/* End PBXResourcesBuildPhase section */

/* Begin PBXSourcesBuildPhase section */
		A6977BEC144F470500907B69 /* Sources */ = {
			isa = PBXSourcesBuildPhase;
			buildActionMask = 2147483647;
			files = (
				A6977C01144F470500907B69 /* main.m in Sources */,
				A6977C05144F470500907B69 /* TBZAppDelegate.m in Sources */,
				A6977C08144F470500907B69 /* TBZRootViewController.m in Sources */,
				A6977C0B144F470500907B69 /* TBZDataViewController.m in Sources */,
				A6977C0E144F470500907B69 /* TBZModelController.m in Sources */,
				A63831A31461A09500908537 /* TBZPageSpreadView.m in Sources */,
				A6A6EF08146A8BFE00FD2DF4 /* GCDAsyncSocket.m in Sources */,
				A6A6EF13146A8EDC00FD2DF4 /* DDAbstractDatabaseLogger.m in Sources */,
				A6A6EF14146A8EDC00FD2DF4 /* DDASLLogger.m in Sources */,
				A6A6EF15146A8EDC00FD2DF4 /* DDFileLogger.m in Sources */,
				A6A6EF16146A8EDC00FD2DF4 /* DDLog.m in Sources */,
				A6A6EF17146A8EDC00FD2DF4 /* DDTTYLogger.m in Sources */,
			);
			runOnlyForDeploymentPostprocessing = 0;
		};
/* End PBXSourcesBuildPhase section */

/* Begin PBXVariantGroup section */
		A6977BFD144F470500907B69 /* InfoPlist.strings */ = {
			isa = PBXVariantGroup;
			children = (
				A6977BFE144F470500907B69 /* en */,
			);
			name = InfoPlist.strings;
			sourceTree = "<group>";
		};
		A6977C0F144F470500907B69 /* MainStoryboard.storyboard */ = {
			isa = PBXVariantGroup;
			children = (
				A6977C10144F470500907B69 /* en */,
			);
			name = MainStoryboard.storyboard;
			sourceTree = "<group>";
		};
/* End PBXVariantGroup section */

/* Begin XCBuildConfiguration section */
		A6977C12144F470600907B69 /* Debug */ = {
			isa = XCBuildConfiguration;
			buildSettings = {
				ALWAYS_SEARCH_USER_PATHS = NO;
				ARCHS = "$(ARCHS_STANDARD_32_BIT)";
				CLANG_ENABLE_OBJC_ARC = YES;
				"CODE_SIGN_IDENTITY[sdk=iphoneos*]" = "iPhone Developer";
				COPY_PHASE_STRIP = NO;
				GCC_C_LANGUAGE_STANDARD = gnu99;
				GCC_DYNAMIC_NO_PIC = NO;
				GCC_OPTIMIZATION_LEVEL = 0;
				GCC_PREPROCESSOR_DEFINITIONS = (
					"DEBUG=1",
					"$(inherited)",
				);
				GCC_SYMBOLS_PRIVATE_EXTERN = NO;
				GCC_VERSION = com.apple.compilers.llvm.clang.1_0;
				GCC_WARN_ABOUT_MISSING_PROTOTYPES = YES;
				GCC_WARN_ABOUT_RETURN_TYPE = YES;
				GCC_WARN_UNUSED_VARIABLE = YES;
				IPHONEOS_DEPLOYMENT_TARGET = 5.0;
				SDKROOT = iphoneos;
				TARGETED_DEVICE_FAMILY = 2;
			};
			name = Debug;
		};
		A6977C13144F470600907B69 /* Release */ = {
			isa = XCBuildConfiguration;
			buildSettings = {
				ALWAYS_SEARCH_USER_PATHS = NO;
				ARCHS = "$(ARCHS_STANDARD_32_BIT)";
				CLANG_ENABLE_OBJC_ARC = YES;
				"CODE_SIGN_IDENTITY[sdk=iphoneos*]" = "iPhone Developer";
				COPY_PHASE_STRIP = YES;
				GCC_C_LANGUAGE_STANDARD = gnu99;
				GCC_VERSION = com.apple.compilers.llvm.clang.1_0;
				GCC_WARN_ABOUT_MISSING_PROTOTYPES = YES;
				GCC_WARN_ABOUT_RETURN_TYPE = YES;
				GCC_WARN_UNUSED_VARIABLE = YES;
				IPHONEOS_DEPLOYMENT_TARGET = 5.0;
				OTHER_CFLAGS = "-DNS_BLOCK_ASSERTIONS=1";
				SDKROOT = iphoneos;
				TARGETED_DEVICE_FAMILY = 2;
				VALIDATE_PRODUCT = YES;
			};
			name = Release;
		};
		A6977C15144F470600907B69 /* Debug */ = {
			isa = XCBuildConfiguration;
			buildSettings = {
				GCC_PRECOMPILE_PREFIX_HEADER = YES;
				GCC_PREFIX_HEADER = "On the same page/On the same page-Prefix.pch";
				INFOPLIST_FILE = "On the same page/On the same page-Info.plist";
				PRODUCT_NAME = "$(TARGET_NAME)";
				WRAPPER_EXTENSION = app;
			};
			name = Debug;
		};
		A6977C16144F470600907B69 /* Release */ = {
			isa = XCBuildConfiguration;
			buildSettings = {
				GCC_PRECOMPILE_PREFIX_HEADER = YES;
				GCC_PREFIX_HEADER = "On the same page/On the same page-Prefix.pch";
				INFOPLIST_FILE = "On the same page/On the same page-Info.plist";
				PRODUCT_NAME = "$(TARGET_NAME)";
				WRAPPER_EXTENSION = app;
			};
			name = Release;
		};
/* End XCBuildConfiguration section */

/* Begin XCConfigurationList section */
		A6977BEA144F470500907B69 /* Build configuration list for PBXProject "On the same page" */ = {
			isa = XCConfigurationList;
			buildConfigurations = (
				A6977C12144F470600907B69 /* Debug */,
				A6977C13144F470600907B69 /* Release */,
			);
			defaultConfigurationIsVisible = 0;
			defaultConfigurationName = Release;
		};
		A6977C14144F470600907B69 /* Build configuration list for PBXNativeTarget "On the same page" */ = {
			isa = XCConfigurationList;
			buildConfigurations = (
				A6977C15144F470600907B69 /* Debug */,
				A6977C16144F470600907B69 /* Release */,
			);
			defaultConfigurationIsVisible = 0;
			defaultConfigurationName = Release;
		};
/* End XCConfigurationList section */
	};
	rootObject = A6977BE7144F470500907B69 /* Project object */;
}
